// !$*UTF8*$!
{
	archiveVersion = 1;
	classes = {
	};
	objectVersion = 50;
	objects = {

/* Begin PBXBuildFile section */
		4845F16A75BF60C7520996C4 /* Pods_SignInUITests.framework in Frameworks */ = {isa = PBXBuildFile; fileRef = ACAE89CCA5C6EC64A774582D /* Pods_SignInUITests.framework */; };
		4E5B27617491A0EBE35A36E8 /* Pods_SignIn.framework in Frameworks */ = {isa = PBXBuildFile; fileRef = B2964467346BF59275B3C9D5 /* Pods_SignIn.framework */; };
		9CADF0C3C21E4FC77908F148 /* Pods_SignInTests.framework in Frameworks */ = {isa = PBXBuildFile; fileRef = 04574D8ADEB6F3F8CE40C213 /* Pods_SignInTests.framework */; };
		B930E56021DA747300AEA5A4 /* AppDelegate.swift in Sources */ = {isa = PBXBuildFile; fileRef = B930E55F21DA747300AEA5A4 /* AppDelegate.swift */; };
		B930E56221DA747300AEA5A4 /* ViewController.swift in Sources */ = {isa = PBXBuildFile; fileRef = B930E56121DA747300AEA5A4 /* ViewController.swift */; };
		B930E56721DA747400AEA5A4 /* Assets.xcassets in Resources */ = {isa = PBXBuildFile; fileRef = B930E56621DA747400AEA5A4 /* Assets.xcassets */; };
		B930E56A21DA747400AEA5A4 /* LaunchScreen.storyboard in Resources */ = {isa = PBXBuildFile; fileRef = B930E56821DA747400AEA5A4 /* LaunchScreen.storyboard */; };
		B930E57521DA747400AEA5A4 /* SignInTests.swift in Sources */ = {isa = PBXBuildFile; fileRef = B930E57421DA747400AEA5A4 /* SignInTests.swift */; };
		B930E58021DA747400AEA5A4 /* SignInUITests.swift in Sources */ = {isa = PBXBuildFile; fileRef = B930E57F21DA747400AEA5A4 /* SignInUITests.swift */; };
		B930E59221DA8DA200AEA5A4 /* EventsTabBarViewController.swift in Sources */ = {isa = PBXBuildFile; fileRef = B930E59121DA8DA200AEA5A4 /* EventsTabBarViewController.swift */; };
		B930E59421DA8F1500AEA5A4 /* MyEventsViewController.swift in Sources */ = {isa = PBXBuildFile; fileRef = B930E59321DA8F1500AEA5A4 /* MyEventsViewController.swift */; };
		B930E59621DA8F3100AEA5A4 /* NearbyEventsViewController.swift in Sources */ = {isa = PBXBuildFile; fileRef = B930E59521DA8F3100AEA5A4 /* NearbyEventsViewController.swift */; };
		B930E59821DA9B3C00AEA5A4 /* EventTableViewCell.swift in Sources */ = {isa = PBXBuildFile; fileRef = B930E59721DA9B3C00AEA5A4 /* EventTableViewCell.swift */; };
		B930E59A21DA9BB200AEA5A4 /* Event.swift in Sources */ = {isa = PBXBuildFile; fileRef = B930E59921DA9BB200AEA5A4 /* Event.swift */; };
		D410E33521F949F200999BE7 /* CreateEventsViewController.swift in Sources */ = {isa = PBXBuildFile; fileRef = D410E33421F949F200999BE7 /* CreateEventsViewController.swift */; };
/* End PBXBuildFile section */

/* Begin PBXContainerItemProxy section */
		B930E57121DA747400AEA5A4 /* PBXContainerItemProxy */ = {
			isa = PBXContainerItemProxy;
			containerPortal = B930E55421DA747300AEA5A4 /* Project object */;
			proxyType = 1;
			remoteGlobalIDString = B930E55B21DA747300AEA5A4;
			remoteInfo = SignIn;
		};
		B930E57C21DA747400AEA5A4 /* PBXContainerItemProxy */ = {
			isa = PBXContainerItemProxy;
			containerPortal = B930E55421DA747300AEA5A4 /* Project object */;
			proxyType = 1;
			remoteGlobalIDString = B930E55B21DA747300AEA5A4;
			remoteInfo = SignIn;
		};
/* End PBXContainerItemProxy section */

/* Begin PBXFileReference section */
		04574D8ADEB6F3F8CE40C213 /* Pods_SignInTests.framework */ = {isa = PBXFileReference; explicitFileType = wrapper.framework; includeInIndex = 0; path = Pods_SignInTests.framework; sourceTree = BUILT_PRODUCTS_DIR; };
		39450DCCCBADE7133BD2BEBE /* Pods-SignIn.release.xcconfig */ = {isa = PBXFileReference; includeInIndex = 1; lastKnownFileType = text.xcconfig; name = "Pods-SignIn.release.xcconfig"; path = "Pods/Target Support Files/Pods-SignIn/Pods-SignIn.release.xcconfig"; sourceTree = "<group>"; };
		57A12AD762D071CD7FF5A2F3 /* Pods-SignIn.debug.xcconfig */ = {isa = PBXFileReference; includeInIndex = 1; lastKnownFileType = text.xcconfig; name = "Pods-SignIn.debug.xcconfig"; path = "Pods/Target Support Files/Pods-SignIn/Pods-SignIn.debug.xcconfig"; sourceTree = "<group>"; };
		AC37E64C77A212D5CEF0DA2E /* Pods-SignInUITests.debug.xcconfig */ = {isa = PBXFileReference; includeInIndex = 1; lastKnownFileType = text.xcconfig; name = "Pods-SignInUITests.debug.xcconfig"; path = "Pods/Target Support Files/Pods-SignInUITests/Pods-SignInUITests.debug.xcconfig"; sourceTree = "<group>"; };
		ACAE89CCA5C6EC64A774582D /* Pods_SignInUITests.framework */ = {isa = PBXFileReference; explicitFileType = wrapper.framework; includeInIndex = 0; path = Pods_SignInUITests.framework; sourceTree = BUILT_PRODUCTS_DIR; };
		B2964467346BF59275B3C9D5 /* Pods_SignIn.framework */ = {isa = PBXFileReference; explicitFileType = wrapper.framework; includeInIndex = 0; path = Pods_SignIn.framework; sourceTree = BUILT_PRODUCTS_DIR; };
		B930E55C21DA747300AEA5A4 /* SignIn.app */ = {isa = PBXFileReference; explicitFileType = wrapper.application; includeInIndex = 0; path = SignIn.app; sourceTree = BUILT_PRODUCTS_DIR; };
		B930E55F21DA747300AEA5A4 /* AppDelegate.swift */ = {isa = PBXFileReference; lastKnownFileType = sourcecode.swift; path = AppDelegate.swift; sourceTree = "<group>"; };
		B930E56121DA747300AEA5A4 /* ViewController.swift */ = {isa = PBXFileReference; lastKnownFileType = sourcecode.swift; path = ViewController.swift; sourceTree = "<group>"; };
		B930E56621DA747400AEA5A4 /* Assets.xcassets */ = {isa = PBXFileReference; lastKnownFileType = folder.assetcatalog; path = Assets.xcassets; sourceTree = "<group>"; };
		B930E56921DA747400AEA5A4 /* Base */ = {isa = PBXFileReference; lastKnownFileType = file.storyboard; name = Base; path = Base.lproj/LaunchScreen.storyboard; sourceTree = "<group>"; };
		B930E56B21DA747400AEA5A4 /* Info.plist */ = {isa = PBXFileReference; lastKnownFileType = text.plist.xml; path = Info.plist; sourceTree = "<group>"; };
		B930E57021DA747400AEA5A4 /* SignInTests.xctest */ = {isa = PBXFileReference; explicitFileType = wrapper.cfbundle; includeInIndex = 0; path = SignInTests.xctest; sourceTree = BUILT_PRODUCTS_DIR; };
		B930E57421DA747400AEA5A4 /* SignInTests.swift */ = {isa = PBXFileReference; lastKnownFileType = sourcecode.swift; path = SignInTests.swift; sourceTree = "<group>"; };
		B930E57621DA747400AEA5A4 /* Info.plist */ = {isa = PBXFileReference; lastKnownFileType = text.plist.xml; path = Info.plist; sourceTree = "<group>"; };
		B930E57B21DA747400AEA5A4 /* SignInUITests.xctest */ = {isa = PBXFileReference; explicitFileType = wrapper.cfbundle; includeInIndex = 0; path = SignInUITests.xctest; sourceTree = BUILT_PRODUCTS_DIR; };
		B930E57F21DA747400AEA5A4 /* SignInUITests.swift */ = {isa = PBXFileReference; lastKnownFileType = sourcecode.swift; path = SignInUITests.swift; sourceTree = "<group>"; };
		B930E58121DA747400AEA5A4 /* Info.plist */ = {isa = PBXFileReference; lastKnownFileType = text.plist.xml; path = Info.plist; sourceTree = "<group>"; };
		B930E59121DA8DA200AEA5A4 /* EventsTabBarViewController.swift */ = {isa = PBXFileReference; lastKnownFileType = sourcecode.swift; path = EventsTabBarViewController.swift; sourceTree = "<group>"; };
		B930E59321DA8F1500AEA5A4 /* MyEventsViewController.swift */ = {isa = PBXFileReference; lastKnownFileType = sourcecode.swift; path = MyEventsViewController.swift; sourceTree = "<group>"; };
		B930E59521DA8F3100AEA5A4 /* NearbyEventsViewController.swift */ = {isa = PBXFileReference; lastKnownFileType = sourcecode.swift; path = NearbyEventsViewController.swift; sourceTree = "<group>"; };
		B930E59721DA9B3C00AEA5A4 /* EventTableViewCell.swift */ = {isa = PBXFileReference; lastKnownFileType = sourcecode.swift; path = EventTableViewCell.swift; sourceTree = "<group>"; };
		B930E59921DA9BB200AEA5A4 /* Event.swift */ = {isa = PBXFileReference; lastKnownFileType = sourcecode.swift; path = Event.swift; sourceTree = "<group>"; };
		C689119730AF9D81F0FA5214 /* Pods-SignInTests.release.xcconfig */ = {isa = PBXFileReference; includeInIndex = 1; lastKnownFileType = text.xcconfig; name = "Pods-SignInTests.release.xcconfig"; path = "Pods/Target Support Files/Pods-SignInTests/Pods-SignInTests.release.xcconfig"; sourceTree = "<group>"; };
		C82766E3F6A9686A75802DB4 /* Pods-SignInTests.debug.xcconfig */ = {isa = PBXFileReference; includeInIndex = 1; lastKnownFileType = text.xcconfig; name = "Pods-SignInTests.debug.xcconfig"; path = "Pods/Target Support Files/Pods-SignInTests/Pods-SignInTests.debug.xcconfig"; sourceTree = "<group>"; };
		D410E33421F949F200999BE7 /* CreateEventsViewController.swift */ = {isa = PBXFileReference; lastKnownFileType = sourcecode.swift; path = CreateEventsViewController.swift; sourceTree = "<group>"; };
		EC51C087E8432CC3D5EC10D4 /* Pods-SignInUITests.release.xcconfig */ = {isa = PBXFileReference; includeInIndex = 1; lastKnownFileType = text.xcconfig; name = "Pods-SignInUITests.release.xcconfig"; path = "Pods/Target Support Files/Pods-SignInUITests/Pods-SignInUITests.release.xcconfig"; sourceTree = "<group>"; };
/* End PBXFileReference section */

/* Begin PBXFrameworksBuildPhase section */
		B930E55921DA747300AEA5A4 /* Frameworks */ = {
			isa = PBXFrameworksBuildPhase;
			buildActionMask = 2147483647;
			files = (
				4E5B27617491A0EBE35A36E8 /* Pods_SignIn.framework in Frameworks */,
			);
			runOnlyForDeploymentPostprocessing = 0;
		};
		B930E56D21DA747400AEA5A4 /* Frameworks */ = {
			isa = PBXFrameworksBuildPhase;
			buildActionMask = 2147483647;
			files = (
				9CADF0C3C21E4FC77908F148 /* Pods_SignInTests.framework in Frameworks */,
			);
			runOnlyForDeploymentPostprocessing = 0;
		};
		B930E57821DA747400AEA5A4 /* Frameworks */ = {
			isa = PBXFrameworksBuildPhase;
			buildActionMask = 2147483647;
			files = (
				4845F16A75BF60C7520996C4 /* Pods_SignInUITests.framework in Frameworks */,
			);
			runOnlyForDeploymentPostprocessing = 0;
		};
/* End PBXFrameworksBuildPhase section */

/* Begin PBXGroup section */
		7B15BAEA848685C6109D1E08 /* Pods */ = {
			isa = PBXGroup;
			children = (
				57A12AD762D071CD7FF5A2F3 /* Pods-SignIn.debug.xcconfig */,
				39450DCCCBADE7133BD2BEBE /* Pods-SignIn.release.xcconfig */,
				C82766E3F6A9686A75802DB4 /* Pods-SignInTests.debug.xcconfig */,
				C689119730AF9D81F0FA5214 /* Pods-SignInTests.release.xcconfig */,
				AC37E64C77A212D5CEF0DA2E /* Pods-SignInUITests.debug.xcconfig */,
				EC51C087E8432CC3D5EC10D4 /* Pods-SignInUITests.release.xcconfig */,
			);
			name = Pods;
			sourceTree = "<group>";
		};
		7BCBC2681155805F6389E82E /* Frameworks */ = {
			isa = PBXGroup;
			children = (
				B2964467346BF59275B3C9D5 /* Pods_SignIn.framework */,
				04574D8ADEB6F3F8CE40C213 /* Pods_SignInTests.framework */,
				ACAE89CCA5C6EC64A774582D /* Pods_SignInUITests.framework */,
			);
			name = Frameworks;
			sourceTree = "<group>";
		};
		B930E55321DA747300AEA5A4 = {
			isa = PBXGroup;
			children = (
				B930E55E21DA747300AEA5A4 /* SignIn */,
				B930E57321DA747400AEA5A4 /* SignInTests */,
				B930E57E21DA747400AEA5A4 /* SignInUITests */,
				B930E55D21DA747300AEA5A4 /* Products */,
				7B15BAEA848685C6109D1E08 /* Pods */,
				7BCBC2681155805F6389E82E /* Frameworks */,
			);
			sourceTree = "<group>";
		};
		B930E55D21DA747300AEA5A4 /* Products */ = {
			isa = PBXGroup;
			children = (
				B930E55C21DA747300AEA5A4 /* SignIn.app */,
				B930E57021DA747400AEA5A4 /* SignInTests.xctest */,
				B930E57B21DA747400AEA5A4 /* SignInUITests.xctest */,
			);
			name = Products;
			sourceTree = "<group>";
		};
		B930E55E21DA747300AEA5A4 /* SignIn */ = {
			isa = PBXGroup;
			children = (
				B930E55F21DA747300AEA5A4 /* AppDelegate.swift */,
				B930E56121DA747300AEA5A4 /* ViewController.swift */,
				B930E59121DA8DA200AEA5A4 /* EventsTabBarViewController.swift */,
				D410E33421F949F200999BE7 /* CreateEventsViewController.swift */,
				B930E59521DA8F3100AEA5A4 /* NearbyEventsViewController.swift */,
				B930E59321DA8F1500AEA5A4 /* MyEventsViewController.swift */,
				B930E59721DA9B3C00AEA5A4 /* EventTableViewCell.swift */,
				B930E59921DA9BB200AEA5A4 /* Event.swift */,
				B930E56621DA747400AEA5A4 /* Assets.xcassets */,
				B930E56821DA747400AEA5A4 /* LaunchScreen.storyboard */,
				B930E56B21DA747400AEA5A4 /* Info.plist */,
			);
			path = SignIn;
			sourceTree = "<group>";
		};
		B930E57321DA747400AEA5A4 /* SignInTests */ = {
			isa = PBXGroup;
			children = (
				B930E57421DA747400AEA5A4 /* SignInTests.swift */,
				B930E57621DA747400AEA5A4 /* Info.plist */,
			);
			path = SignInTests;
			sourceTree = "<group>";
		};
		B930E57E21DA747400AEA5A4 /* SignInUITests */ = {
			isa = PBXGroup;
			children = (
				B930E57F21DA747400AEA5A4 /* SignInUITests.swift */,
				B930E58121DA747400AEA5A4 /* Info.plist */,
			);
			path = SignInUITests;
			sourceTree = "<group>";
		};
/* End PBXGroup section */

/* Begin PBXNativeTarget section */
		B930E55B21DA747300AEA5A4 /* SignIn */ = {
			isa = PBXNativeTarget;
			buildConfigurationList = B930E58421DA747400AEA5A4 /* Build configuration list for PBXNativeTarget "SignIn" */;
			buildPhases = (
				751F9E878EEECB9AE04E2D8A /* [CP] Check Pods Manifest.lock */,
				B930E55821DA747300AEA5A4 /* Sources */,
				B930E55921DA747300AEA5A4 /* Frameworks */,
				B930E55A21DA747300AEA5A4 /* Resources */,
				C42F43D7AB24FCF6AFB55332 /* [CP] Embed Pods Frameworks */,
				E26DA96CE403D2A537C6E1F3 /* [CP] Copy Pods Resources */,
			);
			buildRules = (
			);
			dependencies = (
			);
			name = SignIn;
			productName = SignIn;
			productReference = B930E55C21DA747300AEA5A4 /* SignIn.app */;
			productType = "com.apple.product-type.application";
		};
		B930E56F21DA747400AEA5A4 /* SignInTests */ = {
			isa = PBXNativeTarget;
			buildConfigurationList = B930E58721DA747400AEA5A4 /* Build configuration list for PBXNativeTarget "SignInTests" */;
			buildPhases = (
				9AF46349687EABB677A92E13 /* [CP] Check Pods Manifest.lock */,
				B930E56C21DA747400AEA5A4 /* Sources */,
				B930E56D21DA747400AEA5A4 /* Frameworks */,
				B930E56E21DA747400AEA5A4 /* Resources */,
			);
			buildRules = (
			);
			dependencies = (
				B930E57221DA747400AEA5A4 /* PBXTargetDependency */,
			);
			name = SignInTests;
			productName = SignInTests;
			productReference = B930E57021DA747400AEA5A4 /* SignInTests.xctest */;
			productType = "com.apple.product-type.bundle.unit-test";
		};
		B930E57A21DA747400AEA5A4 /* SignInUITests */ = {
			isa = PBXNativeTarget;
			buildConfigurationList = B930E58A21DA747400AEA5A4 /* Build configuration list for PBXNativeTarget "SignInUITests" */;
			buildPhases = (
				70325F6F21F0BB6B83EBE1C6 /* [CP] Check Pods Manifest.lock */,
				B930E57721DA747400AEA5A4 /* Sources */,
				B930E57821DA747400AEA5A4 /* Frameworks */,
				B930E57921DA747400AEA5A4 /* Resources */,
			);
			buildRules = (
			);
			dependencies = (
				B930E57D21DA747400AEA5A4 /* PBXTargetDependency */,
			);
			name = SignInUITests;
			productName = SignInUITests;
			productReference = B930E57B21DA747400AEA5A4 /* SignInUITests.xctest */;
			productType = "com.apple.product-type.bundle.ui-testing";
		};
/* End PBXNativeTarget section */

/* Begin PBXProject section */
		B930E55421DA747300AEA5A4 /* Project object */ = {
			isa = PBXProject;
			attributes = {
				LastSwiftUpdateCheck = 1010;
				LastUpgradeCheck = 1010;
				ORGANIZATIONNAME = "Xu, Lucy L.";
				TargetAttributes = {
					B930E55B21DA747300AEA5A4 = {
						CreatedOnToolsVersion = 10.1;
					};
					B930E56F21DA747400AEA5A4 = {
						CreatedOnToolsVersion = 10.1;
						TestTargetID = B930E55B21DA747300AEA5A4;
					};
					B930E57A21DA747400AEA5A4 = {
						CreatedOnToolsVersion = 10.1;
						TestTargetID = B930E55B21DA747300AEA5A4;
					};
				};
			};
			buildConfigurationList = B930E55721DA747300AEA5A4 /* Build configuration list for PBXProject "SignIn" */;
			compatibilityVersion = "Xcode 9.3";
			developmentRegion = en;
			hasScannedForEncodings = 0;
			knownRegions = (
				en,
				Base,
			);
			mainGroup = B930E55321DA747300AEA5A4;
			productRefGroup = B930E55D21DA747300AEA5A4 /* Products */;
			projectDirPath = "";
			projectRoot = "";
			targets = (
				B930E55B21DA747300AEA5A4 /* SignIn */,
				B930E56F21DA747400AEA5A4 /* SignInTests */,
				B930E57A21DA747400AEA5A4 /* SignInUITests */,
			);
		};
/* End PBXProject section */

/* Begin PBXResourcesBuildPhase section */
		B930E55A21DA747300AEA5A4 /* Resources */ = {
			isa = PBXResourcesBuildPhase;
			buildActionMask = 2147483647;
			files = (
				B930E56A21DA747400AEA5A4 /* LaunchScreen.storyboard in Resources */,
				B930E56721DA747400AEA5A4 /* Assets.xcassets in Resources */,
			);
			runOnlyForDeploymentPostprocessing = 0;
		};
		B930E56E21DA747400AEA5A4 /* Resources */ = {
			isa = PBXResourcesBuildPhase;
			buildActionMask = 2147483647;
			files = (
			);
			runOnlyForDeploymentPostprocessing = 0;
		};
		B930E57921DA747400AEA5A4 /* Resources */ = {
			isa = PBXResourcesBuildPhase;
			buildActionMask = 2147483647;
			files = (
			);
			runOnlyForDeploymentPostprocessing = 0;
		};
/* End PBXResourcesBuildPhase section */

/* Begin PBXShellScriptBuildPhase section */
		70325F6F21F0BB6B83EBE1C6 /* [CP] Check Pods Manifest.lock */ = {
			isa = PBXShellScriptBuildPhase;
			buildActionMask = 2147483647;
			files = (
			);
			inputFileListPaths = (
			);
			inputPaths = (
				"${PODS_PODFILE_DIR_PATH}/Podfile.lock",
				"${PODS_ROOT}/Manifest.lock",
			);
			name = "[CP] Check Pods Manifest.lock";
			outputFileListPaths = (
			);
			outputPaths = (
				"$(DERIVED_FILE_DIR)/Pods-SignInUITests-checkManifestLockResult.txt",
			);
			runOnlyForDeploymentPostprocessing = 0;
			shellPath = /bin/sh;
			shellScript = "diff \"${PODS_PODFILE_DIR_PATH}/Podfile.lock\" \"${PODS_ROOT}/Manifest.lock\" > /dev/null\nif [ $? != 0 ] ; then\n    # print error to STDERR\n    echo \"error: The sandbox is not in sync with the Podfile.lock. Run 'pod install' or update your CocoaPods installation.\" >&2\n    exit 1\nfi\n# This output is used by Xcode 'outputs' to avoid re-running this script phase.\necho \"SUCCESS\" > \"${SCRIPT_OUTPUT_FILE_0}\"\n";
			showEnvVarsInLog = 0;
		};
		751F9E878EEECB9AE04E2D8A /* [CP] Check Pods Manifest.lock */ = {
			isa = PBXShellScriptBuildPhase;
			buildActionMask = 2147483647;
			files = (
			);
			inputFileListPaths = (
			);
			inputPaths = (
				"${PODS_PODFILE_DIR_PATH}/Podfile.lock",
				"${PODS_ROOT}/Manifest.lock",
			);
			name = "[CP] Check Pods Manifest.lock";
			outputFileListPaths = (
			);
			outputPaths = (
				"$(DERIVED_FILE_DIR)/Pods-SignIn-checkManifestLockResult.txt",
			);
			runOnlyForDeploymentPostprocessing = 0;
			shellPath = /bin/sh;
			shellScript = "diff \"${PODS_PODFILE_DIR_PATH}/Podfile.lock\" \"${PODS_ROOT}/Manifest.lock\" > /dev/null\nif [ $? != 0 ] ; then\n    # print error to STDERR\n    echo \"error: The sandbox is not in sync with the Podfile.lock. Run 'pod install' or update your CocoaPods installation.\" >&2\n    exit 1\nfi\n# This output is used by Xcode 'outputs' to avoid re-running this script phase.\necho \"SUCCESS\" > \"${SCRIPT_OUTPUT_FILE_0}\"\n";
			showEnvVarsInLog = 0;
		};
		9AF46349687EABB677A92E13 /* [CP] Check Pods Manifest.lock */ = {
			isa = PBXShellScriptBuildPhase;
			buildActionMask = 2147483647;
			files = (
			);
			inputFileListPaths = (
			);
			inputPaths = (
				"${PODS_PODFILE_DIR_PATH}/Podfile.lock",
				"${PODS_ROOT}/Manifest.lock",
			);
			name = "[CP] Check Pods Manifest.lock";
			outputFileListPaths = (
			);
			outputPaths = (
				"$(DERIVED_FILE_DIR)/Pods-SignInTests-checkManifestLockResult.txt",
			);
			runOnlyForDeploymentPostprocessing = 0;
			shellPath = /bin/sh;
			shellScript = "diff \"${PODS_PODFILE_DIR_PATH}/Podfile.lock\" \"${PODS_ROOT}/Manifest.lock\" > /dev/null\nif [ $? != 0 ] ; then\n    # print error to STDERR\n    echo \"error: The sandbox is not in sync with the Podfile.lock. Run 'pod install' or update your CocoaPods installation.\" >&2\n    exit 1\nfi\n# This output is used by Xcode 'outputs' to avoid re-running this script phase.\necho \"SUCCESS\" > \"${SCRIPT_OUTPUT_FILE_0}\"\n";
			showEnvVarsInLog = 0;
		};
		C42F43D7AB24FCF6AFB55332 /* [CP] Embed Pods Frameworks */ = {
			isa = PBXShellScriptBuildPhase;
			buildActionMask = 2147483647;
			files = (
			);
			inputFileListPaths = (
			);
			inputPaths = (
				"${SRCROOT}/Pods/Target Support Files/Pods-SignIn/Pods-SignIn-frameworks.sh",
				"${BUILT_PRODUCTS_DIR}/Alamofire/Alamofire.framework",
				"${BUILT_PRODUCTS_DIR}/GTMSessionFetcher/GTMSessionFetcher.framework",
				"${BUILT_PRODUCTS_DIR}/GoogleToolboxForMac/GoogleToolboxForMac.framework",
				"${BUILT_PRODUCTS_DIR}/SnapKit/SnapKit.framework",
			);
			name = "[CP] Embed Pods Frameworks";
			outputFileListPaths = (
			);
			outputPaths = (
				"${TARGET_BUILD_DIR}/${FRAMEWORKS_FOLDER_PATH}/Alamofire.framework",
				"${TARGET_BUILD_DIR}/${FRAMEWORKS_FOLDER_PATH}/GTMSessionFetcher.framework",
				"${TARGET_BUILD_DIR}/${FRAMEWORKS_FOLDER_PATH}/GoogleToolboxForMac.framework",
				"${TARGET_BUILD_DIR}/${FRAMEWORKS_FOLDER_PATH}/SnapKit.framework",
			);
			runOnlyForDeploymentPostprocessing = 0;
			shellPath = /bin/sh;
			shellScript = "\"${SRCROOT}/Pods/Target Support Files/Pods-SignIn/Pods-SignIn-frameworks.sh\"\n";
			showEnvVarsInLog = 0;
		};
		E26DA96CE403D2A537C6E1F3 /* [CP] Copy Pods Resources */ = {
			isa = PBXShellScriptBuildPhase;
			buildActionMask = 2147483647;
			files = (
			);
			inputFileListPaths = (
			);
			inputPaths = (
				"${SRCROOT}/Pods/Target Support Files/Pods-SignIn/Pods-SignIn-resources.sh",
				"${PODS_ROOT}/GoogleSignIn/Resources/GoogleSignIn.bundle",
			);
			name = "[CP] Copy Pods Resources";
			outputFileListPaths = (
			);
			outputPaths = (
				"${TARGET_BUILD_DIR}/${UNLOCALIZED_RESOURCES_FOLDER_PATH}/GoogleSignIn.bundle",
			);
			runOnlyForDeploymentPostprocessing = 0;
			shellPath = /bin/sh;
			shellScript = "\"${SRCROOT}/Pods/Target Support Files/Pods-SignIn/Pods-SignIn-resources.sh\"\n";
			showEnvVarsInLog = 0;
		};
/* End PBXShellScriptBuildPhase section */

/* Begin PBXSourcesBuildPhase section */
		B930E55821DA747300AEA5A4 /* Sources */ = {
			isa = PBXSourcesBuildPhase;
			buildActionMask = 2147483647;
			files = (
				B930E59821DA9B3C00AEA5A4 /* EventTableViewCell.swift in Sources */,
				B930E56221DA747300AEA5A4 /* ViewController.swift in Sources */,
				B930E56021DA747300AEA5A4 /* AppDelegate.swift in Sources */,
				B930E59421DA8F1500AEA5A4 /* MyEventsViewController.swift in Sources */,
				B930E59621DA8F3100AEA5A4 /* NearbyEventsViewController.swift in Sources */,
				B930E59A21DA9BB200AEA5A4 /* Event.swift in Sources */,
				D410E33521F949F200999BE7 /* CreateEventsViewController.swift in Sources */,
				B930E59221DA8DA200AEA5A4 /* EventsTabBarViewController.swift in Sources */,
			);
			runOnlyForDeploymentPostprocessing = 0;
		};
		B930E56C21DA747400AEA5A4 /* Sources */ = {
			isa = PBXSourcesBuildPhase;
			buildActionMask = 2147483647;
			files = (
				B930E57521DA747400AEA5A4 /* SignInTests.swift in Sources */,
			);
			runOnlyForDeploymentPostprocessing = 0;
		};
		B930E57721DA747400AEA5A4 /* Sources */ = {
			isa = PBXSourcesBuildPhase;
			buildActionMask = 2147483647;
			files = (
				B930E58021DA747400AEA5A4 /* SignInUITests.swift in Sources */,
			);
			runOnlyForDeploymentPostprocessing = 0;
		};
/* End PBXSourcesBuildPhase section */

/* Begin PBXTargetDependency section */
		B930E57221DA747400AEA5A4 /* PBXTargetDependency */ = {
			isa = PBXTargetDependency;
			target = B930E55B21DA747300AEA5A4 /* SignIn */;
			targetProxy = B930E57121DA747400AEA5A4 /* PBXContainerItemProxy */;
		};
		B930E57D21DA747400AEA5A4 /* PBXTargetDependency */ = {
			isa = PBXTargetDependency;
			target = B930E55B21DA747300AEA5A4 /* SignIn */;
			targetProxy = B930E57C21DA747400AEA5A4 /* PBXContainerItemProxy */;
		};
/* End PBXTargetDependency section */

/* Begin PBXVariantGroup section */
		B930E56821DA747400AEA5A4 /* LaunchScreen.storyboard */ = {
			isa = PBXVariantGroup;
			children = (
				B930E56921DA747400AEA5A4 /* Base */,
			);
			name = LaunchScreen.storyboard;
			sourceTree = "<group>";
		};
/* End PBXVariantGroup section */

/* Begin XCBuildConfiguration section */
		B930E58221DA747400AEA5A4 /* Debug */ = {
			isa = XCBuildConfiguration;
			buildSettings = {
				ALWAYS_SEARCH_USER_PATHS = NO;
				CLANG_ANALYZER_NONNULL = YES;
				CLANG_ANALYZER_NUMBER_OBJECT_CONVERSION = YES_AGGRESSIVE;
				CLANG_CXX_LANGUAGE_STANDARD = "gnu++14";
				CLANG_CXX_LIBRARY = "libc++";
				CLANG_ENABLE_MODULES = YES;
				CLANG_ENABLE_OBJC_ARC = YES;
				CLANG_ENABLE_OBJC_WEAK = YES;
				CLANG_WARN_BLOCK_CAPTURE_AUTORELEASING = YES;
				CLANG_WARN_BOOL_CONVERSION = YES;
				CLANG_WARN_COMMA = YES;
				CLANG_WARN_CONSTANT_CONVERSION = YES;
				CLANG_WARN_DEPRECATED_OBJC_IMPLEMENTATIONS = YES;
				CLANG_WARN_DIRECT_OBJC_ISA_USAGE = YES_ERROR;
				CLANG_WARN_DOCUMENTATION_COMMENTS = YES;
				CLANG_WARN_EMPTY_BODY = YES;
				CLANG_WARN_ENUM_CONVERSION = YES;
				CLANG_WARN_INFINITE_RECURSION = YES;
				CLANG_WARN_INT_CONVERSION = YES;
				CLANG_WARN_NON_LITERAL_NULL_CONVERSION = YES;
				CLANG_WARN_OBJC_IMPLICIT_RETAIN_SELF = YES;
				CLANG_WARN_OBJC_LITERAL_CONVERSION = YES;
				CLANG_WARN_OBJC_ROOT_CLASS = YES_ERROR;
				CLANG_WARN_RANGE_LOOP_ANALYSIS = YES;
				CLANG_WARN_STRICT_PROTOTYPES = YES;
				CLANG_WARN_SUSPICIOUS_MOVE = YES;
				CLANG_WARN_UNGUARDED_AVAILABILITY = YES_AGGRESSIVE;
				CLANG_WARN_UNREACHABLE_CODE = YES;
				CLANG_WARN__DUPLICATE_METHOD_MATCH = YES;
				CODE_SIGN_IDENTITY = "iPhone Developer";
				COPY_PHASE_STRIP = NO;
				DEBUG_INFORMATION_FORMAT = dwarf;
				ENABLE_STRICT_OBJC_MSGSEND = YES;
				ENABLE_TESTABILITY = YES;
				GCC_C_LANGUAGE_STANDARD = gnu11;
				GCC_DYNAMIC_NO_PIC = NO;
				GCC_NO_COMMON_BLOCKS = YES;
				GCC_OPTIMIZATION_LEVEL = 0;
				GCC_PREPROCESSOR_DEFINITIONS = (
					"DEBUG=1",
					"$(inherited)",
				);
				GCC_WARN_64_TO_32_BIT_CONVERSION = YES;
				GCC_WARN_ABOUT_RETURN_TYPE = YES_ERROR;
				GCC_WARN_UNDECLARED_SELECTOR = YES;
				GCC_WARN_UNINITIALIZED_AUTOS = YES_AGGRESSIVE;
				GCC_WARN_UNUSED_FUNCTION = YES;
				GCC_WARN_UNUSED_VARIABLE = YES;
				IPHONEOS_DEPLOYMENT_TARGET = 12.1;
				MTL_ENABLE_DEBUG_INFO = INCLUDE_SOURCE;
				MTL_FAST_MATH = YES;
				ONLY_ACTIVE_ARCH = YES;
				SDKROOT = iphoneos;
				SWIFT_ACTIVE_COMPILATION_CONDITIONS = DEBUG;
				SWIFT_OPTIMIZATION_LEVEL = "-Onone";
			};
			name = Debug;
		};
		B930E58321DA747400AEA5A4 /* Release */ = {
			isa = XCBuildConfiguration;
			buildSettings = {
				ALWAYS_SEARCH_USER_PATHS = NO;
				CLANG_ANALYZER_NONNULL = YES;
				CLANG_ANALYZER_NUMBER_OBJECT_CONVERSION = YES_AGGRESSIVE;
				CLANG_CXX_LANGUAGE_STANDARD = "gnu++14";
				CLANG_CXX_LIBRARY = "libc++";
				CLANG_ENABLE_MODULES = YES;
				CLANG_ENABLE_OBJC_ARC = YES;
				CLANG_ENABLE_OBJC_WEAK = YES;
				CLANG_WARN_BLOCK_CAPTURE_AUTORELEASING = YES;
				CLANG_WARN_BOOL_CONVERSION = YES;
				CLANG_WARN_COMMA = YES;
				CLANG_WARN_CONSTANT_CONVERSION = YES;
				CLANG_WARN_DEPRECATED_OBJC_IMPLEMENTATIONS = YES;
				CLANG_WARN_DIRECT_OBJC_ISA_USAGE = YES_ERROR;
				CLANG_WARN_DOCUMENTATION_COMMENTS = YES;
				CLANG_WARN_EMPTY_BODY = YES;
				CLANG_WARN_ENUM_CONVERSION = YES;
				CLANG_WARN_INFINITE_RECURSION = YES;
				CLANG_WARN_INT_CONVERSION = YES;
				CLANG_WARN_NON_LITERAL_NULL_CONVERSION = YES;
				CLANG_WARN_OBJC_IMPLICIT_RETAIN_SELF = YES;
				CLANG_WARN_OBJC_LITERAL_CONVERSION = YES;
				CLANG_WARN_OBJC_ROOT_CLASS = YES_ERROR;
				CLANG_WARN_RANGE_LOOP_ANALYSIS = YES;
				CLANG_WARN_STRICT_PROTOTYPES = YES;
				CLANG_WARN_SUSPICIOUS_MOVE = YES;
				CLANG_WARN_UNGUARDED_AVAILABILITY = YES_AGGRESSIVE;
				CLANG_WARN_UNREACHABLE_CODE = YES;
				CLANG_WARN__DUPLICATE_METHOD_MATCH = YES;
				CODE_SIGN_IDENTITY = "iPhone Developer";
				COPY_PHASE_STRIP = NO;
				DEBUG_INFORMATION_FORMAT = "dwarf-with-dsym";
				ENABLE_NS_ASSERTIONS = NO;
				ENABLE_STRICT_OBJC_MSGSEND = YES;
				GCC_C_LANGUAGE_STANDARD = gnu11;
				GCC_NO_COMMON_BLOCKS = YES;
				GCC_WARN_64_TO_32_BIT_CONVERSION = YES;
				GCC_WARN_ABOUT_RETURN_TYPE = YES_ERROR;
				GCC_WARN_UNDECLARED_SELECTOR = YES;
				GCC_WARN_UNINITIALIZED_AUTOS = YES_AGGRESSIVE;
				GCC_WARN_UNUSED_FUNCTION = YES;
				GCC_WARN_UNUSED_VARIABLE = YES;
				IPHONEOS_DEPLOYMENT_TARGET = 12.1;
				MTL_ENABLE_DEBUG_INFO = NO;
				MTL_FAST_MATH = YES;
				SDKROOT = iphoneos;
				SWIFT_COMPILATION_MODE = wholemodule;
				SWIFT_OPTIMIZATION_LEVEL = "-O";
				VALIDATE_PRODUCT = YES;
			};
			name = Release;
		};
		B930E58521DA747400AEA5A4 /* Debug */ = {
			isa = XCBuildConfiguration;
			baseConfigurationReference = 57A12AD762D071CD7FF5A2F3 /* Pods-SignIn.debug.xcconfig */;
			buildSettings = {
				ASSETCATALOG_COMPILER_APPICON_NAME = AppIcon;
				CODE_SIGN_STYLE = Automatic;
				DEVELOPMENT_TEAM = PHA6HNUL8B;
				INFOPLIST_FILE = SignIn/Info.plist;
				LD_RUNPATH_SEARCH_PATHS = (
					"$(inherited)",
					"@executable_path/Frameworks",
				);
				PRODUCT_BUNDLE_IDENTIFIER = com.lucylixu.SignIn;
				PRODUCT_NAME = "$(TARGET_NAME)";
				SWIFT_VERSION = 4.2;
				TARGETED_DEVICE_FAMILY = "1,2";
			};
			name = Debug;
		};
		B930E58621DA747400AEA5A4 /* Release */ = {
			isa = XCBuildConfiguration;
			baseConfigurationReference = 39450DCCCBADE7133BD2BEBE /* Pods-SignIn.release.xcconfig */;
			buildSettings = {
				ASSETCATALOG_COMPILER_APPICON_NAME = AppIcon;
				CODE_SIGN_STYLE = Automatic;
				DEVELOPMENT_TEAM = PHA6HNUL8B;
				INFOPLIST_FILE = SignIn/Info.plist;
				LD_RUNPATH_SEARCH_PATHS = (
					"$(inherited)",
					"@executable_path/Frameworks",
				);
				PRODUCT_BUNDLE_IDENTIFIER = com.lucylixu.SignIn;
				PRODUCT_NAME = "$(TARGET_NAME)";
				SWIFT_VERSION = 4.2;
				TARGETED_DEVICE_FAMILY = "1,2";
			};
			name = Release;
		};
		B930E58821DA747400AEA5A4 /* Debug */ = {
			isa = XCBuildConfiguration;
			baseConfigurationReference = C82766E3F6A9686A75802DB4 /* Pods-SignInTests.debug.xcconfig */;
			buildSettings = {
				ALWAYS_EMBED_SWIFT_STANDARD_LIBRARIES = YES;
				BUNDLE_LOADER = "$(TEST_HOST)";
				CODE_SIGN_STYLE = Automatic;
				INFOPLIST_FILE = SignInTests/Info.plist;
				LD_RUNPATH_SEARCH_PATHS = (
					"$(inherited)",
					"@executable_path/Frameworks",
					"@loader_path/Frameworks",
				);
				PRODUCT_BUNDLE_IDENTIFIER = com.lucylixu.SignInTests;
				PRODUCT_NAME = "$(TARGET_NAME)";
				SWIFT_VERSION = 4.2;
				TARGETED_DEVICE_FAMILY = "1,2";
				TEST_HOST = "$(BUILT_PRODUCTS_DIR)/SignIn.app/SignIn";
			};
			name = Debug;
		};
		B930E58921DA747400AEA5A4 /* Release */ = {
			isa = XCBuildConfiguration;
			baseConfigurationReference = C689119730AF9D81F0FA5214 /* Pods-SignInTests.release.xcconfig */;
			buildSettings = {
				ALWAYS_EMBED_SWIFT_STANDARD_LIBRARIES = YES;
				BUNDLE_LOADER = "$(TEST_HOST)";
				CODE_SIGN_STYLE = Automatic;
				INFOPLIST_FILE = SignInTests/Info.plist;
				LD_RUNPATH_SEARCH_PATHS = (
					"$(inherited)",
					"@executable_path/Frameworks",
					"@loader_path/Frameworks",
				);
				PRODUCT_BUNDLE_IDENTIFIER = com.lucylixu.SignInTests;
				PRODUCT_NAME = "$(TARGET_NAME)";
				SWIFT_VERSION = 4.2;
				TARGETED_DEVICE_FAMILY = "1,2";
				TEST_HOST = "$(BUILT_PRODUCTS_DIR)/SignIn.app/SignIn";
			};
			name = Release;
		};
		B930E58B21DA747400AEA5A4 /* Debug */ = {
			isa = XCBuildConfiguration;
			baseConfigurationReference = AC37E64C77A212D5CEF0DA2E /* Pods-SignInUITests.debug.xcconfig */;
			buildSettings = {
				ALWAYS_EMBED_SWIFT_STANDARD_LIBRARIES = YES;
				CODE_SIGN_STYLE = Automatic;
				INFOPLIST_FILE = SignInUITests/Info.plist;
				LD_RUNPATH_SEARCH_PATHS = (
					"$(inherited)",
					"@executable_path/Frameworks",
					"@loader_path/Frameworks",
				);
				PRODUCT_BUNDLE_IDENTIFIER = com.lucylixu.SignInUITests;
				PRODUCT_NAME = "$(TARGET_NAME)";
				SWIFT_VERSION = 4.2;
				TARGETED_DEVICE_FAMILY = "1,2";
				TEST_TARGET_NAME = SignIn;
			};
			name = Debug;
		};
		B930E58C21DA747400AEA5A4 /* Release */ = {
			isa = XCBuildConfiguration;
			baseConfigurationReference = EC51C087E8432CC3D5EC10D4 /* Pods-SignInUITests.release.xcconfig */;
			buildSettings = {
				ALWAYS_EMBED_SWIFT_STANDARD_LIBRARIES = YES;
				CODE_SIGN_STYLE = Automatic;
				INFOPLIST_FILE = SignInUITests/Info.plist;
				LD_RUNPATH_SEARCH_PATHS = (
					"$(inherited)",
					"@executable_path/Frameworks",
					"@loader_path/Frameworks",
				);
				PRODUCT_BUNDLE_IDENTIFIER = com.lucylixu.SignInUITests;
				PRODUCT_NAME = "$(TARGET_NAME)";
				SWIFT_VERSION = 4.2;
				TARGETED_DEVICE_FAMILY = "1,2";
				TEST_TARGET_NAME = SignIn;
			};
			name = Release;
		};
/* End XCBuildConfiguration section */

/* Begin XCConfigurationList section */
		B930E55721DA747300AEA5A4 /* Build configuration list for PBXProject "SignIn" */ = {
			isa = XCConfigurationList;
			buildConfigurations = (
				B930E58221DA747400AEA5A4 /* Debug */,
				B930E58321DA747400AEA5A4 /* Release */,
			);
			defaultConfigurationIsVisible = 0;
			defaultConfigurationName = Release;
		};
		B930E58421DA747400AEA5A4 /* Build configuration list for PBXNativeTarget "SignIn" */ = {
			isa = XCConfigurationList;
			buildConfigurations = (
				B930E58521DA747400AEA5A4 /* Debug */,
				B930E58621DA747400AEA5A4 /* Release */,
			);
			defaultConfigurationIsVisible = 0;
			defaultConfigurationName = Release;
		};
		B930E58721DA747400AEA5A4 /* Build configuration list for PBXNativeTarget "SignInTests" */ = {
			isa = XCConfigurationList;
			buildConfigurations = (
				B930E58821DA747400AEA5A4 /* Debug */,
				B930E58921DA747400AEA5A4 /* Release */,
			);
			defaultConfigurationIsVisible = 0;
			defaultConfigurationName = Release;
		};
		B930E58A21DA747400AEA5A4 /* Build configuration list for PBXNativeTarget "SignInUITests" */ = {
			isa = XCConfigurationList;
			buildConfigurations = (
				B930E58B21DA747400AEA5A4 /* Debug */,
				B930E58C21DA747400AEA5A4 /* Release */,
			);
			defaultConfigurationIsVisible = 0;
			defaultConfigurationName = Release;
		};
/* End XCConfigurationList section */
	};
	rootObject = B930E55421DA747300AEA5A4 /* Project object */;
}
